
Microsoft Visual Studio Solution File, Format Version 12.00
# Visual Studio Version 16
VisualStudioVersion = 16.0.30717.126
MinimumVisualStudioVersion = 10.0.40219.1
Project("{FAE04EC0-301F-11D3-BF4B-00C04F79EFBC}") = "Semana3", "Semana3\Semana3.csproj", "{68CCBED0-2C45-44EE-BC81-E835BFC85BCA}"
EndProject
Global
	GlobalSection(SolutionConfigurationPlatforms) = preSolution
		Debug|Any CPU = Debug|Any CPU
		Release|Any CPU = Release|Any CPU
	EndGlobalSection
	GlobalSection(ProjectConfigurationPlatforms) = postSolution
		{68CCBED0-2C45-44EE-BC81-E835BFC85BCA}.Debug|Any CPU.ActiveCfg = Debug|Any CPU
		{68CCBED0-2C45-44EE-BC81-E835BFC85BCA}.Debug|Any CPU.Build.0 = Debug|Any CPU
		{68CCBED0-2C45-44EE-BC81-E835BFC85BCA}.Release|Any CPU.ActiveCfg = Release|Any CPU
		{68CCBED0-2C45-44EE-BC81-E835BFC85BCA}.Release|Any CPU.Build.0 = Release|Any CPU
	EndGlobalSection
	GlobalSection(SolutionProperties) = preSolution
		HideSolutionNode = FALSE
	EndGlobalSection
	GlobalSection(ExtensibilityGlobals) = postSolution
		SolutionGuid = {5D71E28D-F3CB-40B9-85C9-FA6745212F8A}
	EndGlobalSection
EndGlobal
